// !$*UTF8*$!
{
	archiveVersion = 1;
	classes = {
	};
	objectVersion = 46;
	objects = {

/* Begin PBXBuildFile section */
		150F0B841BBAF34D00C5147C /* polarBearViewController.swift in Sources */ = {isa = PBXBuildFile; fileRef = 150F0B831BBAF34D00C5147C /* polarBearViewController.swift */; settings = {ASSET_TAGS = (); }; };
		150F0B861BBAF42700C5147C /* pandaViewController.swift in Sources */ = {isa = PBXBuildFile; fileRef = 150F0B851BBAF42700C5147C /* pandaViewController.swift */; settings = {ASSET_TAGS = (); }; };
		1567C84B1BB9A66400D20342 /* AppDelegate.swift in Sources */ = {isa = PBXBuildFile; fileRef = 1567C84A1BB9A66400D20342 /* AppDelegate.swift */; };
		1567C84D1BB9A66400D20342 /* ViewController.swift in Sources */ = {isa = PBXBuildFile; fileRef = 1567C84C1BB9A66400D20342 /* ViewController.swift */; };
		1567C8501BB9A66400D20342 /* Main.storyboard in Resources */ = {isa = PBXBuildFile; fileRef = 1567C84E1BB9A66400D20342 /* Main.storyboard */; };
		1567C8521BB9A66400D20342 /* Assets.xcassets in Resources */ = {isa = PBXBuildFile; fileRef = 1567C8511BB9A66400D20342 /* Assets.xcassets */; };
		1567C8551BB9A66400D20342 /* LaunchScreen.storyboard in Resources */ = {isa = PBXBuildFile; fileRef = 1567C8531BB9A66400D20342 /* LaunchScreen.storyboard */; };
/* End PBXBuildFile section */

/* Begin PBXFileReference section */
		150F0B831BBAF34D00C5147C /* polarBearViewController.swift */ = {isa = PBXFileReference; fileEncoding = 4; lastKnownFileType = sourcecode.swift; path = polarBearViewController.swift; sourceTree = "<group>"; };
		150F0B851BBAF42700C5147C /* pandaViewController.swift */ = {isa = PBXFileReference; fileEncoding = 4; lastKnownFileType = sourcecode.swift; path = pandaViewController.swift; sourceTree = "<group>"; };
		1567C8471BB9A66400D20342 /* 3AnimalQuiz.app */ = {isa = PBXFileReference; explicitFileType = wrapper.application; includeInIndex = 0; path = 3AnimalQuiz.app; sourceTree = BUILT_PRODUCTS_DIR; };
		1567C84A1BB9A66400D20342 /* AppDelegate.swift */ = {isa = PBXFileReference; lastKnownFileType = sourcecode.swift; path = AppDelegate.swift; sourceTree = "<group>"; };
		1567C84C1BB9A66400D20342 /* ViewController.swift */ = {isa = PBXFileReference; lastKnownFileType = sourcecode.swift; path = ViewController.swift; sourceTree = "<group>"; };
		1567C84F1BB9A66400D20342 /* Base */ = {isa = PBXFileReference; lastKnownFileType = file.storyboard; name = Base; path = Base.lproj/Main.storyboard; sourceTree = "<group>"; };
		1567C8511BB9A66400D20342 /* Assets.xcassets */ = {isa = PBXFileReference; lastKnownFileType = folder.assetcatalog; path = Assets.xcassets; sourceTree = "<group>"; };
		1567C8541BB9A66400D20342 /* Base */ = {isa = PBXFileReference; lastKnownFileType = file.storyboard; name = Base; path = Base.lproj/LaunchScreen.storyboard; sourceTree = "<group>"; };
		1567C8561BB9A66400D20342 /* Info.plist */ = {isa = PBXFileReference; lastKnownFileType = text.plist.xml; path = Info.plist; sourceTree = "<group>"; };
/* End PBXFileReference section */

/* Begin PBXFrameworksBuildPhase section */
		1567C8441BB9A66400D20342 /* Frameworks */ = {
			isa = PBXFrameworksBuildPhase;
			buildActionMask = 2147483647;
			files = (
			);
			runOnlyForDeploymentPostprocessing = 0;
		};
/* End PBXFrameworksBuildPhase section */

/* Begin PBXGroup section */
		1567C83E1BB9A66400D20342 = {
			isa = PBXGroup;
			children = (
				1567C8491BB9A66400D20342 /* 3AnimalQuiz */,
				1567C8481BB9A66400D20342 /* Products */,
			);
			sourceTree = "<group>";
		};
		1567C8481BB9A66400D20342 /* Products */ = {
			isa = PBXGroup;
			children = (
				1567C8471BB9A66400D20342 /* 3AnimalQuiz.app */,
			);
			name = Products;
			sourceTree = "<group>";
		};
		1567C8491BB9A66400D20342 /* 3AnimalQuiz */ = {
			isa = PBXGroup;
			children = (
				1567C84A1BB9A66400D20342 /* AppDelegate.swift */,
				1567C84C1BB9A66400D20342 /* ViewController.swift */,
				150F0B831BBAF34D00C5147C /* polarBearViewController.swift */,
				150F0B851BBAF42700C5147C /* pandaViewController.swift */,
				1567C84E1BB9A66400D20342 /* Main.storyboard */,
				1567C8511BB9A66400D20342 /* Assets.xcassets */,
				1567C8531BB9A66400D20342 /* LaunchScreen.storyboard */,
				1567C8561BB9A66400D20342 /* Info.plist */,
			);
			path = 3AnimalQuiz;
			sourceTree = "<group>";
		};
/* End PBXGroup section */

/* Begin PBXNativeTarget section */
		1567C8461BB9A66400D20342 /* 3AnimalQuiz */ = {
			isa = PBXNativeTarget;
			buildConfigurationList = 1567C8591BB9A66400D20342 /* Build configuration list for PBXNativeTarget "3AnimalQuiz" */;
			buildPhases = (
				1567C8431BB9A66400D20342 /* Sources */,
				1567C8441BB9A66400D20342 /* Frameworks */,
				1567C8451BB9A66400D20342 /* Resources */,
			);
			buildRules = (
			);
			dependencies = (
			);
			name = 3AnimalQuiz;
			productName = 3AnimalQuiz;
			productReference = 1567C8471BB9A66400D20342 /* 3AnimalQuiz.app */;
			productType = "com.apple.product-type.application";
		};
/* End PBXNativeTarget section */

/* Begin PBXProject section */
		1567C83F1BB9A66400D20342 /* Project object */ = {
			isa = PBXProject;
			attributes = {
				LastUpgradeCheck = 0700;
				ORGANIZATIONNAME = "Hafiz Developer";
				TargetAttributes = {
					1567C8461BB9A66400D20342 = {
						CreatedOnToolsVersion = 7.0;
					};
				};
			};
			buildConfigurationList = 1567C8421BB9A66400D20342 /* Build configuration list for PBXProject "3AnimalQuiz" */;
			compatibilityVersion = "Xcode 3.2";
			developmentRegion = English;
			hasScannedForEncodings = 0;
			knownRegions = (
				en,
				Base,
			);
			mainGroup = 1567C83E1BB9A66400D20342;
			productRefGroup = 1567C8481BB9A66400D20342 /* Products */;
			projectDirPath = "";
			projectRoot = "";
			targets = (
				1567C8461BB9A66400D20342 /* 3AnimalQuiz */,
			);
		};
/* End PBXProject section */

/* Begin PBXResourcesBuildPhase section */
		1567C8451BB9A66400D20342 /* Resources */ = {
			isa = PBXResourcesBuildPhase;
			buildActionMask = 2147483647;
			files = (
				1567C8551BB9A66400D20342 /* LaunchScreen.storyboard in Resources */,
				1567C8521BB9A66400D20342 /* Assets.xcassets in Resources */,
				1567C8501BB9A66400D20342 /* Main.storyboard in Resources */,
			);
			runOnlyForDeploymentPostprocessing = 0;
		};
/* End PBXResourcesBuildPhase section */

/* Begin PBXSourcesBuildPhase section */
		1567C8431BB9A66400D20342 /* Sources */ = {
			isa = PBXSourcesBuildPhase;
			buildActionMask = 2147483647;
			files = (
				150F0B841BBAF34D00C5147C /* polarBearViewController.swift in Sources */,
				1567C84D1BB9A66400D20342 /* ViewController.swift in Sources */,
				1567C84B1BB9A66400D20342 /* AppDelegate.swift in Sources */,
				150F0B861BBAF42700C5147C /* pandaViewController.swift in Sources */,
			);
			runOnlyForDeploymentPostprocessing = 0;
		};
/* End PBXSourcesBuildPhase section */

/* Begin PBXVariantGroup section */
		1567C84E1BB9A66400D20342 /* Main.storyboard */ = {
			isa = PBXVariantGroup;
			children = (
				1567C84F1BB9A66400D20342 /* Base */,
			);
			name = Main.storyboard;
			sourceTree = "<group>";
		};
		1567C8531BB9A66400D20342 /* LaunchScreen.storyboard */ = {
			isa = PBXVariantGroup;
			children = (
				1567C8541BB9A66400D20342 /* Base */,
			);
			name = LaunchScreen.storyboard;
			sourceTree = "<group>";
		};
/* End PBXVariantGroup section */

/* Begin XCBuildConfiguration section */
		1567C8571BB9A66400D20342 /* Debug */ = {
			isa = XCBuildConfiguration;
			buildSettings = {
				ALWAYS_SEARCH_USER_PATHS = NO;
				CLANG_CXX_LANGUAGE_STANDARD = "gnu++0x";
				CLANG_CXX_LIBRARY = "libc++";
				CLANG_ENABLE_MODULES = YES;
				CLANG_ENABLE_OBJC_ARC = YES;
				CLANG_WARN_BOOL_CONVERSION = YES;
				CLANG_WARN_CONSTANT_CONVERSION = YES;
				CLANG_WARN_DIRECT_OBJC_ISA_USAGE = YES_ERROR;
				CLANG_WARN_EMPTY_BODY = YES;
				CLANG_WARN_ENUM_CONVERSION = YES;
				CLANG_WARN_INT_CONVERSION = YES;
				CLANG_WARN_OBJC_ROOT_CLASS = YES_ERROR;
				CLANG_WARN_UNREACHABLE_CODE = YES;
				CLANG_WARN__DUPLICATE_METHOD_MATCH = YES;
				"CODE_SIGN_IDENTITY[sdk=iphoneos*]" = "iPhone Developer";
				COPY_PHASE_STRIP = NO;
				DEBUG_INFORMATION_FORMAT = dwarf;
				ENABLE_STRICT_OBJC_MSGSEND = YES;
				ENABLE_TESTABILITY = YES;
				GCC_C_LANGUAGE_STANDARD = gnu99;
				GCC_DYNAMIC_NO_PIC = NO;
				GCC_NO_COMMON_BLOCKS = YES;
				GCC_OPTIMIZATION_LEVEL = 0;
				GCC_PREPROCESSOR_DEFINITIONS = (
					"DEBUG=1",
					"$(inherited)",
				);
				GCC_WARN_64_TO_32_BIT_CONVERSION = YES;
				GCC_WARN_ABOUT_RETURN_TYPE = YES_ERROR;
				GCC_WARN_UNDECLARED_SELECTOR = YES;
				GCC_WARN_UNINITIALIZED_AUTOS = YES_AGGRESSIVE;
				GCC_WARN_UNUSED_FUNCTION = YES;
				GCC_WARN_UNUSED_VARIABLE = YES;
				IPHONEOS_DEPLOYMENT_TARGET = 9.0;
				MTL_ENABLE_DEBUG_INFO = YES;
				ONLY_ACTIVE_ARCH = YES;
				SDKROOT = iphoneos;
				SWIFT_OPTIMIZATION_LEVEL = "-Onone";
			};
			name = Debug;
		};
		1567C8581BB9A66400D20342 /* Release */ = {
			isa = XCBuildConfiguration;
			buildSettings = {
				ALWAYS_SEARCH_USER_PATHS = NO;
				CLANG_CXX_LANGUAGE_STANDARD = "gnu++0x";
				CLANG_CXX_LIBRARY = "libc++";
				CLANG_ENABLE_MODULES = YES;
				CLANG_ENABLE_OBJC_ARC = YES;
				CLANG_WARN_BOOL_CONVERSION = YES;
				CLANG_WARN_CONSTANT_CONVERSION = YES;
				CLANG_WARN_DIRECT_OBJC_ISA_USAGE = YES_ERROR;
				CLANG_WARN_EMPTY_BODY = YES;
				CLANG_WARN_ENUM_CONVERSION = YES;
				CLANG_WARN_INT_CONVERSION = YES;
				CLANG_WARN_OBJC_ROOT_CLASS = YES_ERROR;
				CLANG_WARN_UNREACHABLE_CODE = YES;
				CLANG_WARN__DUPLICATE_METHOD_MATCH = YES;
				"CODE_SIGN_IDENTITY[sdk=iphoneos*]" = "iPhone Developer";
				COPY_PHASE_STRIP = NO;
				DEBUG_INFORMATION_FORMAT = "dwarf-with-dsym";
				ENABLE_NS_ASSERTIONS = NO;
				ENABLE_STRICT_OBJC_MSGSEND = YES;
				GCC_C_LANGUAGE_STANDARD = gnu99;
				GCC_NO_COMMON_BLOCKS = YES;
				GCC_WARN_64_TO_32_BIT_CONVERSION = YES;
				GCC_WARN_ABOUT_RETURN_TYPE = YES_ERROR;
				GCC_WARN_UNDECLARED_SELECTOR = YES;
				GCC_WARN_UNINITIALIZED_AUTOS = YES_AGGRESSIVE;
				GCC_WARN_UNUSED_FUNCTION = YES;
				GCC_WARN_UNUSED_VARIABLE = YES;
				IPHONEOS_DEPLOYMENT_TARGET = 9.0;
				MTL_ENABLE_DEBUG_INFO = NO;
				SDKROOT = iphoneos;
				VALIDATE_PRODUCT = YES;
			};
			name = Release;
		};
		1567C85A1BB9A66400D20342 /* Debug */ = {
			isa = XCBuildConfiguration;
			buildSettings = {
				ASSETCATALOG_COMPILER_APPICON_NAME = AppIcon;
				INFOPLIST_FILE = 3AnimalQuiz/Info.plist;
				LD_RUNPATH_SEARCH_PATHS = "$(inherited) @executable_path/Frameworks";
				PRODUCT_BUNDLE_IDENTIFIER = "com.Abdurrahman.-AnimalQuiz";
				PRODUCT_NAME = "$(TARGET_NAME)";
			};
			name = Debug;
		};
		1567C85B1BB9A66400D20342 /* Release */ = {
			isa = XCBuildConfiguration;
			buildSettings = {
				ASSETCATALOG_COMPILER_APPICON_NAME = AppIcon;
				INFOPLIST_FILE = 3AnimalQuiz/Info.plist;
				LD_RUNPATH_SEARCH_PATHS = "$(inherited) @executable_path/Frameworks";
				PRODUCT_BUNDLE_IDENTIFIER = "com.Abdurrahman.-AnimalQuiz";
				PRODUCT_NAME = "$(TARGET_NAME)";
			};
			name = Release;
		};
/* End XCBuildConfiguration section */

/* Begin XCConfigurationList section */
		1567C8421BB9A66400D20342 /* Build configuration list for PBXProject "3AnimalQuiz" */ = {
			isa = XCConfigurationList;
			buildConfigurations = (
				1567C8571BB9A66400D20342 /* Debug */,
				1567C8581BB9A66400D20342 /* Release */,
			);
			defaultConfigurationIsVisible = 0;
			defaultConfigurationName = Release;
		};
		1567C8591BB9A66400D20342 /* Build configuration list for PBXNativeTarget "3AnimalQuiz" */ = {
			isa = XCConfigurationList;
			buildConfigurations = (
				1567C85A1BB9A66400D20342 /* Debug */,
				1567C85B1BB9A66400D20342 /* Release */,
			);
			defaultConfigurationIsVisible = 0;
			defaultConfigurationName = Release;
		};
/* End XCConfigurationList section */
	};
	rootObject = 1567C83F1BB9A66400D20342 /* Project object */;
}
